
Microsoft Visual Studio Solution File, Format Version 12.00
# Visual Studio Version 17
VisualStudioVersion = 17.13.35913.81 d17.13
MinimumVisualStudioVersion = 10.0.40219.1
Project("{FAE04EC0-301F-11D3-BF4B-00C04F79EFBC}") = "Interface", "Interface\Interface.csproj", "{49423802-23D4-4D19-9A2E-DED05668317F}"
EndProject
Global
	GlobalSection(SolutionConfigurationPlatforms) = preSolution
		Debug|Any CPU = Debug|Any CPU
		Release|Any CPU = Release|Any CPU
	EndGlobalSection
	GlobalSection(ProjectConfigurationPlatforms) = postSolution
		{49423802-23D4-4D19-9A2E-DED05668317F}.Debug|Any CPU.ActiveCfg = Debug|Any CPU
		{49423802-23D4-4D19-9A2E-DED05668317F}.Debug|Any CPU.Build.0 = Debug|Any CPU
		{49423802-23D4-4D19-9A2E-DED05668317F}.Release|Any CPU.ActiveCfg = Release|Any CPU
		{49423802-23D4-4D19-9A2E-DED05668317F}.Release|Any CPU.Build.0 = Release|Any CPU
	EndGlobalSection
	GlobalSection(SolutionProperties) = preSolution
		HideSolutionNode = FALSE
	EndGlobalSection
	GlobalSection(ExtensibilityGlobals) = postSolution
		SolutionGuid = {53A8FE09-0279-4469-8916-435A922DCCE4}
	EndGlobalSection
EndGlobal
